{
    "_meta": {
        "hash": {
            "sha256": "f44726cbfb6cd6a46025bbc6d5a0e1dd04db2938276ffd6f48d072593b77e4db"
        },
        "host-environment-markers": {
            "implementation_name": "cpython",
            "implementation_version": "0",
            "os_name": "posix",
            "platform_machine": "x86_64",
            "platform_python_implementation": "CPython",
            "platform_release": "4.2.0-25-generic",
            "platform_system": "Linux",
            "platform_version": "#30-Ubuntu SMP Mon Jan 18 12:31:50 UTC 2016",
            "python_full_version": "2.7.10",
            "python_version": "2.7",
            "sys_platform": "linux2"
        },
        "pipfile-spec": 3,
        "requires": {},
        "sources": [
            {
                "url": "https://pypi.python.org/simple",
                "verify_ssl": true
            }
        ]
    },
    "default": {
        "redis": {
            "hashes": [
                "sha256:8a1900a9f2a0a44ecf6e8b5eb3e967a9909dfed219ad66df094f27f7d6f330fb",
                "sha256:a22ca993cea2962dbb588f9f30d0015ac4afcc45bee27d3978c0dbe9e97c6c0f"
            ],
            "version": "==2.10.6"
        }
    },
    "develop": {}
}
