{
    "_meta": {
        "hash": {
            "sha256": "f44726cbfb6cd6a46025bbc6d5a0e1dd04db2938276ffd6f48d072593b77e4db"
        },
        "pipfile-spec": 6,
        "requires": {},
        "sources": [
            {
                "url": "https://pypi.python.org/simple",
                "verify_ssl": true
            }
        ]
    },
    "default": {
        "redis": {
            "hashes": [
                "sha256:56732e156fe31801c4f43396bd3ca0c2a7f6f83d7936798531b9848d103381aa",
                "sha256:7df17a0a2b72a4c8895b462dd07616c51b1dcb48fdd7ecb7b6f4bf39ecb2e94e"
            ],
            "version": "==4.5.3"
        }
    },
    "develop": {}
}
